
Microsoft Visual Studio Solution File, Format Version 12.00
# Visual Studio Version 17
VisualStudioVersion = 17.11.35312.102
MinimumVisualStudioVersion = 10.0.40219.1
Project("{FAE04EC0-301F-11D3-BF4B-00C04F79EFBC}") = "Todo-List", "Todo-List\Todo-List.csproj", "{2E56E4F8-FC31-4D73-A4D0-6F08C02BAAAC}"
EndProject
Global
	GlobalSection(SolutionConfigurationPlatforms) = preSolution
		Debug|Any CPU = Debug|Any CPU
		Release|Any CPU = Release|Any CPU
	EndGlobalSection
	GlobalSection(ProjectConfigurationPlatforms) = postSolution
		{2E56E4F8-FC31-4D73-A4D0-6F08C02BAAAC}.Debug|Any CPU.ActiveCfg = Debug|Any CPU
		{2E56E4F8-FC31-4D73-A4D0-6F08C02BAAAC}.Debug|Any CPU.Build.0 = Debug|Any CPU
		{2E56E4F8-FC31-4D73-A4D0-6F08C02BAAAC}.Release|Any CPU.ActiveCfg = Release|Any CPU
		{2E56E4F8-FC31-4D73-A4D0-6F08C02BAAAC}.Release|Any CPU.Build.0 = Release|Any CPU
	EndGlobalSection
	GlobalSection(SolutionProperties) = preSolution
		HideSolutionNode = FALSE
	EndGlobalSection
	GlobalSection(ExtensibilityGlobals) = postSolution
		SolutionGuid = {42BF358A-D9FD-4BB0-B20A-07FB71F34E4C}
	EndGlobalSection
EndGlobal
